# This file is automatically @generated by Cargo.
# It is not intended for manual editing.
version = 4

[[package]]
name = "bytemuck"
version = "1.25.2"
source = "registry+https://github.com/rust-lang/crates.io-index"
checksum = "95832e849adfb21180ccb6826a99da14e5d266ae5c2e668e1602cf234f153797"

[[package]]
name = "embedded-storage"
version = "0.3.1"
source = "registry+https://github.com/rust-lang/crates.io-index"
checksum = "a21dea9854beb860f3062d10228ce9b976da520a73474aed3171ec276bc0c032"

[[package]]
name = "enum-table"
version = "3.0.1"
source = "registry+https://github.com/rust-lang/crates.io-index"
checksum = "55630ac7dabbd70412da6ef23a0bed483b0c27fe60d05395bf1338c379496c13"

[[package]]
name = "micromap"
version = "0.3.0"
source = "registry+https://github.com/rust-lang/crates.io-index"
checksum = "c2a86d3146ed3995b5913c414f6664344b9617457320782e64f0bb44afd49d74"

[[package]]
name = "wlr"
version = "0.1.0"
dependencies = [
 "bytemuck",
 "embedded-storage",
 "enum-table",
 "micromap",
]
